
Microsoft Visual Studio Solution File, Format Version 12.00
# Visual Studio Version 17
VisualStudioVersion = 17.4.33213.308
MinimumVisualStudioVersion = 10.0.40219.1
Project("{FAE04EC0-301F-11D3-BF4B-00C04F79EFBC}") = "HRM.WebMVCApp", "HRM.WebMVCApp\HRM.WebMVCApp.csproj", "{C6239298-76B0-41F8-ADC8-DE9FB33820F3}"
EndProject
Project("{FAE04EC0-301F-11D3-BF4B-00C04F79EFBC}") = "HRM.Infrastructure", "HRM.Infrastructure\HRM.Infrastructure.csproj", "{CA848527-4BEF-4E32-89ED-95BFA1EB8FA7}"
EndProject
Project("{FAE04EC0-301F-11D3-BF4B-00C04F79EFBC}") = "HRM.ApplicationCore", "HRM.ApplicationCore\HRM.ApplicationCore.csproj", "{21F95F86-C667-48C3-8BAF-5FE7A7B24673}"
EndProject
Global
	GlobalSection(SolutionConfigurationPlatforms) = preSolution
		Debug|Any CPU = Debug|Any CPU
		Release|Any CPU = Release|Any CPU
	EndGlobalSection
	GlobalSection(ProjectConfigurationPlatforms) = postSolution
		{C6239298-76B0-41F8-ADC8-DE9FB33820F3}.Debug|Any CPU.ActiveCfg = Debug|Any CPU
		{C6239298-76B0-41F8-ADC8-DE9FB33820F3}.Debug|Any CPU.Build.0 = Debug|Any CPU
		{C6239298-76B0-41F8-ADC8-DE9FB33820F3}.Release|Any CPU.ActiveCfg = Release|Any CPU
		{C6239298-76B0-41F8-ADC8-DE9FB33820F3}.Release|Any CPU.Build.0 = Release|Any CPU
		{CA848527-4BEF-4E32-89ED-95BFA1EB8FA7}.Debug|Any CPU.ActiveCfg = Debug|Any CPU
		{CA848527-4BEF-4E32-89ED-95BFA1EB8FA7}.Debug|Any CPU.Build.0 = Debug|Any CPU
		{CA848527-4BEF-4E32-89ED-95BFA1EB8FA7}.Release|Any CPU.ActiveCfg = Release|Any CPU
		{CA848527-4BEF-4E32-89ED-95BFA1EB8FA7}.Release|Any CPU.Build.0 = Release|Any CPU
		{21F95F86-C667-48C3-8BAF-5FE7A7B24673}.Debug|Any CPU.ActiveCfg = Debug|Any CPU
		{21F95F86-C667-48C3-8BAF-5FE7A7B24673}.Debug|Any CPU.Build.0 = Debug|Any CPU
		{21F95F86-C667-48C3-8BAF-5FE7A7B24673}.Release|Any CPU.ActiveCfg = Release|Any CPU
		{21F95F86-C667-48C3-8BAF-5FE7A7B24673}.Release|Any CPU.Build.0 = Release|Any CPU
	EndGlobalSection
	GlobalSection(SolutionProperties) = preSolution
		HideSolutionNode = FALSE
	EndGlobalSection
	GlobalSection(ExtensibilityGlobals) = postSolution
		SolutionGuid = {24A99AE7-A30E-43F4-A0B7-C65CD327717A}
	EndGlobalSection
EndGlobal
